// !$*UTF8*$!
{
	archiveVersion = 1;
	classes = {
	};
	objectVersion = 56;
	objects = {

/* Begin PBXBuildFile section */
		69BD0A6F2A46E86D00DD7041 /* AppDelegate.swift in Sources */ = {isa = PBXBuildFile; fileRef = 69BD0A6E2A46E86D00DD7041 /* AppDelegate.swift */; };
		69BD0A712A46E86D00DD7041 /* SceneDelegate.swift in Sources */ = {isa = PBXBuildFile; fileRef = 69BD0A702A46E86D00DD7041 /* SceneDelegate.swift */; };
		69BD0A732A46E86D00DD7041 /* ViewController.swift in Sources */ = {isa = PBXBuildFile; fileRef = 69BD0A722A46E86D00DD7041 /* ViewController.swift */; };
		69BD0A762A46E86D00DD7041 /* Main.storyboard in Resources */ = {isa = PBXBuildFile; fileRef = 69BD0A742A46E86D00DD7041 /* Main.storyboard */; };
		69BD0A782A46E86F00DD7041 /* Assets.xcassets in Resources */ = {isa = PBXBuildFile; fileRef = 69BD0A772A46E86F00DD7041 /* Assets.xcassets */; };
		69BD0A7B2A46E86F00DD7041 /* LaunchScreen.storyboard in Resources */ = {isa = PBXBuildFile; fileRef = 69BD0A792A46E86F00DD7041 /* LaunchScreen.storyboard */; };
		69BD0A862A46E86F00DD7041 /* StoryboardReferenceTestTests.swift in Sources */ = {isa = PBXBuildFile; fileRef = 69BD0A852A46E86F00DD7041 /* StoryboardReferenceTestTests.swift */; };
		69BD0A902A46E86F00DD7041 /* StoryboardReferenceTestUITests.swift in Sources */ = {isa = PBXBuildFile; fileRef = 69BD0A8F2A46E86F00DD7041 /* StoryboardReferenceTestUITests.swift */; };
		69BD0A922A46E86F00DD7041 /* StoryboardReferenceTestUITestsLaunchTests.swift in Sources */ = {isa = PBXBuildFile; fileRef = 69BD0A912A46E86F00DD7041 /* StoryboardReferenceTestUITestsLaunchTests.swift */; };
		69BD0AA02A46ECD600DD7041 /* GrayView.storyboard in Resources */ = {isa = PBXBuildFile; fileRef = 69BD0A9E2A46ECD600DD7041 /* GrayView.storyboard */; };
		69BD0AA32A46ED8200DD7041 /* GreenVIew.storyboard in Resources */ = {isa = PBXBuildFile; fileRef = 69BD0AA12A46ED8200DD7041 /* GreenVIew.storyboard */; };
		69BD0AA62A46ED9F00DD7041 /* OrangeVIew.storyboard in Resources */ = {isa = PBXBuildFile; fileRef = 69BD0AA42A46ED9F00DD7041 /* OrangeVIew.storyboard */; };
		69BD0AA82A46F1F400DD7041 /* SettingViewContorller.swift in Sources */ = {isa = PBXBuildFile; fileRef = 69BD0AA72A46F1F400DD7041 /* SettingViewContorller.swift */; };
		69BD0AAA2A46F20F00DD7041 /* SettingViewController.storyboard in Resources */ = {isa = PBXBuildFile; fileRef = 69BD0AA92A46F20F00DD7041 /* SettingViewController.storyboard */; };
/* End PBXBuildFile section */

/* Begin PBXContainerItemProxy section */
		69BD0A822A46E86F00DD7041 /* PBXContainerItemProxy */ = {
			isa = PBXContainerItemProxy;
			containerPortal = 69BD0A632A46E86D00DD7041 /* Project object */;
			proxyType = 1;
			remoteGlobalIDString = 69BD0A6A2A46E86D00DD7041;
			remoteInfo = StoryboardReferenceTest;
		};
		69BD0A8C2A46E86F00DD7041 /* PBXContainerItemProxy */ = {
			isa = PBXContainerItemProxy;
			containerPortal = 69BD0A632A46E86D00DD7041 /* Project object */;
			proxyType = 1;
			remoteGlobalIDString = 69BD0A6A2A46E86D00DD7041;
			remoteInfo = StoryboardReferenceTest;
		};
/* End PBXContainerItemProxy section */

/* Begin PBXFileReference section */
		69BD0A6B2A46E86D00DD7041 /* StoryboardReferenceTest.app */ = {isa = PBXFileReference; explicitFileType = wrapper.application; includeInIndex = 0; path = StoryboardReferenceTest.app; sourceTree = BUILT_PRODUCTS_DIR; };
		69BD0A6E2A46E86D00DD7041 /* AppDelegate.swift */ = {isa = PBXFileReference; lastKnownFileType = sourcecode.swift; path = AppDelegate.swift; sourceTree = "<group>"; };
		69BD0A702A46E86D00DD7041 /* SceneDelegate.swift */ = {isa = PBXFileReference; lastKnownFileType = sourcecode.swift; path = SceneDelegate.swift; sourceTree = "<group>"; };
		69BD0A722A46E86D00DD7041 /* ViewController.swift */ = {isa = PBXFileReference; lastKnownFileType = sourcecode.swift; path = ViewController.swift; sourceTree = "<group>"; };
		69BD0A752A46E86D00DD7041 /* Base */ = {isa = PBXFileReference; lastKnownFileType = file.storyboard; name = Base; path = Base.lproj/Main.storyboard; sourceTree = "<group>"; };
		69BD0A772A46E86F00DD7041 /* Assets.xcassets */ = {isa = PBXFileReference; lastKnownFileType = folder.assetcatalog; path = Assets.xcassets; sourceTree = "<group>"; };
		69BD0A7A2A46E86F00DD7041 /* Base */ = {isa = PBXFileReference; lastKnownFileType = file.storyboard; name = Base; path = Base.lproj/LaunchScreen.storyboard; sourceTree = "<group>"; };
		69BD0A7C2A46E86F00DD7041 /* Info.plist */ = {isa = PBXFileReference; lastKnownFileType = text.plist.xml; path = Info.plist; sourceTree = "<group>"; };
		69BD0A812A46E86F00DD7041 /* StoryboardReferenceTestTests.xctest */ = {isa = PBXFileReference; explicitFileType = wrapper.cfbundle; includeInIndex = 0; path = StoryboardReferenceTestTests.xctest; sourceTree = BUILT_PRODUCTS_DIR; };
		69BD0A852A46E86F00DD7041 /* StoryboardReferenceTestTests.swift */ = {isa = PBXFileReference; lastKnownFileType = sourcecode.swift; path = StoryboardReferenceTestTests.swift; sourceTree = "<group>"; };
		69BD0A8B2A46E86F00DD7041 /* StoryboardReferenceTestUITests.xctest */ = {isa = PBXFileReference; explicitFileType = wrapper.cfbundle; includeInIndex = 0; path = StoryboardReferenceTestUITests.xctest; sourceTree = BUILT_PRODUCTS_DIR; };
		69BD0A8F2A46E86F00DD7041 /* StoryboardReferenceTestUITests.swift */ = {isa = PBXFileReference; lastKnownFileType = sourcecode.swift; path = StoryboardReferenceTestUITests.swift; sourceTree = "<group>"; };
		69BD0A912A46E86F00DD7041 /* StoryboardReferenceTestUITestsLaunchTests.swift */ = {isa = PBXFileReference; lastKnownFileType = sourcecode.swift; path = StoryboardReferenceTestUITestsLaunchTests.swift; sourceTree = "<group>"; };
		69BD0A9F2A46ECD600DD7041 /* Base */ = {isa = PBXFileReference; lastKnownFileType = file.storyboard; name = Base; path = StoryboardReferenceTest/Base.lproj/GrayView.storyboard; sourceTree = "<group>"; };
		69BD0AA22A46ED8200DD7041 /* Base */ = {isa = PBXFileReference; lastKnownFileType = file.storyboard; name = Base; path = StoryboardReferenceTest/Base.lproj/GreenVIew.storyboard; sourceTree = "<group>"; };
		69BD0AA52A46ED9F00DD7041 /* Base */ = {isa = PBXFileReference; lastKnownFileType = file.storyboard; name = Base; path = StoryboardReferenceTest/Base.lproj/OrangeVIew.storyboard; sourceTree = "<group>"; };
		69BD0AA72A46F1F400DD7041 /* SettingViewContorller.swift */ = {isa = PBXFileReference; lastKnownFileType = sourcecode.swift; path = SettingViewContorller.swift; sourceTree = "<group>"; };
		69BD0AA92A46F20F00DD7041 /* SettingViewController.storyboard */ = {isa = PBXFileReference; lastKnownFileType = file.storyboard; path = SettingViewController.storyboard; sourceTree = "<group>"; };
/* End PBXFileReference section */

/* Begin PBXFrameworksBuildPhase section */
		69BD0A682A46E86D00DD7041 /* Frameworks */ = {
			isa = PBXFrameworksBuildPhase;
			buildActionMask = 2147483647;
			files = (
			);
			runOnlyForDeploymentPostprocessing = 0;
		};
		69BD0A7E2A46E86F00DD7041 /* Frameworks */ = {
			isa = PBXFrameworksBuildPhase;
			buildActionMask = 2147483647;
			files = (
			);
			runOnlyForDeploymentPostprocessing = 0;
		};
		69BD0A882A46E86F00DD7041 /* Frameworks */ = {
			isa = PBXFrameworksBuildPhase;
			buildActionMask = 2147483647;
			files = (
			);
			runOnlyForDeploymentPostprocessing = 0;
		};
/* End PBXFrameworksBuildPhase section */

/* Begin PBXGroup section */
		69BD0A622A46E86D00DD7041 = {
			isa = PBXGroup;
			children = (
				69BD0A6D2A46E86D00DD7041 /* StoryboardReferenceTest */,
				69BD0A842A46E86F00DD7041 /* StoryboardReferenceTestTests */,
				69BD0A8E2A46E86F00DD7041 /* StoryboardReferenceTestUITests */,
				69BD0A6C2A46E86D00DD7041 /* Products */,
			);
			sourceTree = "<group>";
		};
		69BD0A6C2A46E86D00DD7041 /* Products */ = {
			isa = PBXGroup;
			children = (
				69BD0A6B2A46E86D00DD7041 /* StoryboardReferenceTest.app */,
				69BD0A812A46E86F00DD7041 /* StoryboardReferenceTestTests.xctest */,
				69BD0A8B2A46E86F00DD7041 /* StoryboardReferenceTestUITests.xctest */,
			);
			name = Products;
			sourceTree = "<group>";
		};
		69BD0A6D2A46E86D00DD7041 /* StoryboardReferenceTest */ = {
			isa = PBXGroup;
			children = (
				69BD0A6E2A46E86D00DD7041 /* AppDelegate.swift */,
				69BD0A702A46E86D00DD7041 /* SceneDelegate.swift */,
				69BD0A722A46E86D00DD7041 /* ViewController.swift */,
				69BD0A742A46E86D00DD7041 /* Main.storyboard */,
				69BD0AA42A46ED9F00DD7041 /* OrangeVIew.storyboard */,
				69BD0AA12A46ED8200DD7041 /* GreenVIew.storyboard */,
				69BD0A9E2A46ECD600DD7041 /* GrayView.storyboard */,
				69BD0AA92A46F20F00DD7041 /* SettingViewController.storyboard */,
				69BD0AA72A46F1F400DD7041 /* SettingViewContorller.swift */,
				69BD0A772A46E86F00DD7041 /* Assets.xcassets */,
				69BD0A792A46E86F00DD7041 /* LaunchScreen.storyboard */,
				69BD0A7C2A46E86F00DD7041 /* Info.plist */,
			);
			path = StoryboardReferenceTest;
			sourceTree = "<group>";
		};
		69BD0A842A46E86F00DD7041 /* StoryboardReferenceTestTests */ = {
			isa = PBXGroup;
			children = (
				69BD0A852A46E86F00DD7041 /* StoryboardReferenceTestTests.swift */,
			);
			path = StoryboardReferenceTestTests;
			sourceTree = "<group>";
		};
		69BD0A8E2A46E86F00DD7041 /* StoryboardReferenceTestUITests */ = {
			isa = PBXGroup;
			children = (
				69BD0A8F2A46E86F00DD7041 /* StoryboardReferenceTestUITests.swift */,
				69BD0A912A46E86F00DD7041 /* StoryboardReferenceTestUITestsLaunchTests.swift */,
			);
			path = StoryboardReferenceTestUITests;
			sourceTree = "<group>";
		};
/* End PBXGroup section */

/* Begin PBXNativeTarget section */
		69BD0A6A2A46E86D00DD7041 /* StoryboardReferenceTest */ = {
			isa = PBXNativeTarget;
			buildConfigurationList = 69BD0A952A46E86F00DD7041 /* Build configuration list for PBXNativeTarget "StoryboardReferenceTest" */;
			buildPhases = (
				69BD0A672A46E86D00DD7041 /* Sources */,
				69BD0A682A46E86D00DD7041 /* Frameworks */,
				69BD0A692A46E86D00DD7041 /* Resources */,
			);
			buildRules = (
			);
			dependencies = (
			);
			name = StoryboardReferenceTest;
			productName = StoryboardReferenceTest;
			productReference = 69BD0A6B2A46E86D00DD7041 /* StoryboardReferenceTest.app */;
			productType = "com.apple.product-type.application";
		};
		69BD0A802A46E86F00DD7041 /* StoryboardReferenceTestTests */ = {
			isa = PBXNativeTarget;
			buildConfigurationList = 69BD0A982A46E86F00DD7041 /* Build configuration list for PBXNativeTarget "StoryboardReferenceTestTests" */;
			buildPhases = (
				69BD0A7D2A46E86F00DD7041 /* Sources */,
				69BD0A7E2A46E86F00DD7041 /* Frameworks */,
				69BD0A7F2A46E86F00DD7041 /* Resources */,
			);
			buildRules = (
			);
			dependencies = (
				69BD0A832A46E86F00DD7041 /* PBXTargetDependency */,
			);
			name = StoryboardReferenceTestTests;
			productName = StoryboardReferenceTestTests;
			productReference = 69BD0A812A46E86F00DD7041 /* StoryboardReferenceTestTests.xctest */;
			productType = "com.apple.product-type.bundle.unit-test";
		};
		69BD0A8A2A46E86F00DD7041 /* StoryboardReferenceTestUITests */ = {
			isa = PBXNativeTarget;
			buildConfigurationList = 69BD0A9B2A46E86F00DD7041 /* Build configuration list for PBXNativeTarget "StoryboardReferenceTestUITests" */;
			buildPhases = (
				69BD0A872A46E86F00DD7041 /* Sources */,
				69BD0A882A46E86F00DD7041 /* Frameworks */,
				69BD0A892A46E86F00DD7041 /* Resources */,
			);
			buildRules = (
			);
			dependencies = (
				69BD0A8D2A46E86F00DD7041 /* PBXTargetDependency */,
			);
			name = StoryboardReferenceTestUITests;
			productName = StoryboardReferenceTestUITests;
			productReference = 69BD0A8B2A46E86F00DD7041 /* StoryboardReferenceTestUITests.xctest */;
			productType = "com.apple.product-type.bundle.ui-testing";
		};
/* End PBXNativeTarget section */

/* Begin PBXProject section */
		69BD0A632A46E86D00DD7041 /* Project object */ = {
			isa = PBXProject;
			attributes = {
				BuildIndependentTargetsInParallel = 1;
				LastSwiftUpdateCheck = 1430;
				LastUpgradeCheck = 1430;
				TargetAttributes = {
					69BD0A6A2A46E86D00DD7041 = {
						CreatedOnToolsVersion = 14.3.1;
					};
					69BD0A802A46E86F00DD7041 = {
						CreatedOnToolsVersion = 14.3.1;
						TestTargetID = 69BD0A6A2A46E86D00DD7041;
					};
					69BD0A8A2A46E86F00DD7041 = {
						CreatedOnToolsVersion = 14.3.1;
						TestTargetID = 69BD0A6A2A46E86D00DD7041;
					};
				};
			};
			buildConfigurationList = 69BD0A662A46E86D00DD7041 /* Build configuration list for PBXProject "StoryboardReferenceTest" */;
			compatibilityVersion = "Xcode 14.0";
			developmentRegion = en;
			hasScannedForEncodings = 0;
			knownRegions = (
				en,
				Base,
			);
			mainGroup = 69BD0A622A46E86D00DD7041;
			productRefGroup = 69BD0A6C2A46E86D00DD7041 /* Products */;
			projectDirPath = "";
			projectRoot = "";
			targets = (
				69BD0A6A2A46E86D00DD7041 /* StoryboardReferenceTest */,
				69BD0A802A46E86F00DD7041 /* StoryboardReferenceTestTests */,
				69BD0A8A2A46E86F00DD7041 /* StoryboardReferenceTestUITests */,
			);
		};
/* End PBXProject section */

/* Begin PBXResourcesBuildPhase section */
		69BD0A692A46E86D00DD7041 /* Resources */ = {
			isa = PBXResourcesBuildPhase;
			buildActionMask = 2147483647;
			files = (
				69BD0AA02A46ECD600DD7041 /* GrayView.storyboard in Resources */,
				69BD0A7B2A46E86F00DD7041 /* LaunchScreen.storyboard in Resources */,
				69BD0A782A46E86F00DD7041 /* Assets.xcassets in Resources */,
				69BD0AAA2A46F20F00DD7041 /* SettingViewController.storyboard in Resources */,
				69BD0AA62A46ED9F00DD7041 /* OrangeVIew.storyboard in Resources */,
				69BD0AA32A46ED8200DD7041 /* GreenVIew.storyboard in Resources */,
				69BD0A762A46E86D00DD7041 /* Main.storyboard in Resources */,
			);
			runOnlyForDeploymentPostprocessing = 0;
		};
		69BD0A7F2A46E86F00DD7041 /* Resources */ = {
			isa = PBXResourcesBuildPhase;
			buildActionMask = 2147483647;
			files = (
			);
			runOnlyForDeploymentPostprocessing = 0;
		};
		69BD0A892A46E86F00DD7041 /* Resources */ = {
			isa = PBXResourcesBuildPhase;
			buildActionMask = 2147483647;
			files = (
			);
			runOnlyForDeploymentPostprocessing = 0;
		};
/* End PBXResourcesBuildPhase section */

/* Begin PBXSourcesBuildPhase section */
		69BD0A672A46E86D00DD7041 /* Sources */ = {
			isa = PBXSourcesBuildPhase;
			buildActionMask = 2147483647;
			files = (
				69BD0A732A46E86D00DD7041 /* ViewController.swift in Sources */,
				69BD0A6F2A46E86D00DD7041 /* AppDelegate.swift in Sources */,
				69BD0A712A46E86D00DD7041 /* SceneDelegate.swift in Sources */,
				69BD0AA82A46F1F400DD7041 /* SettingViewContorller.swift in Sources */,
			);
			runOnlyForDeploymentPostprocessing = 0;
		};
		69BD0A7D2A46E86F00DD7041 /* Sources */ = {
			isa = PBXSourcesBuildPhase;
			buildActionMask = 2147483647;
			files = (
				69BD0A862A46E86F00DD7041 /* StoryboardReferenceTestTests.swift in Sources */,
			);
			runOnlyForDeploymentPostprocessing = 0;
		};
		69BD0A872A46E86F00DD7041 /* Sources */ = {
			isa = PBXSourcesBuildPhase;
			buildActionMask = 2147483647;
			files = (
				69BD0A902A46E86F00DD7041 /* StoryboardReferenceTestUITests.swift in Sources */,
				69BD0A922A46E86F00DD7041 /* StoryboardReferenceTestUITestsLaunchTests.swift in Sources */,
			);
			runOnlyForDeploymentPostprocessing = 0;
		};
/* End PBXSourcesBuildPhase section */

/* Begin PBXTargetDependency section */
		69BD0A832A46E86F00DD7041 /* PBXTargetDependency */ = {
			isa = PBXTargetDependency;
			target = 69BD0A6A2A46E86D00DD7041 /* StoryboardReferenceTest */;
			targetProxy = 69BD0A822A46E86F00DD7041 /* PBXContainerItemProxy */;
		};
		69BD0A8D2A46E86F00DD7041 /* PBXTargetDependency */ = {
			isa = PBXTargetDependency;
			target = 69BD0A6A2A46E86D00DD7041 /* StoryboardReferenceTest */;
			targetProxy = 69BD0A8C2A46E86F00DD7041 /* PBXContainerItemProxy */;
		};
/* End PBXTargetDependency section */

/* Begin PBXVariantGroup section */
		69BD0A742A46E86D00DD7041 /* Main.storyboard */ = {
			isa = PBXVariantGroup;
			children = (
				69BD0A752A46E86D00DD7041 /* Base */,
			);
			name = Main.storyboard;
			sourceTree = "<group>";
		};
		69BD0A792A46E86F00DD7041 /* LaunchScreen.storyboard */ = {
			isa = PBXVariantGroup;
			children = (
				69BD0A7A2A46E86F00DD7041 /* Base */,
			);
			name = LaunchScreen.storyboard;
			sourceTree = "<group>";
		};
		69BD0A9E2A46ECD600DD7041 /* GrayView.storyboard */ = {
			isa = PBXVariantGroup;
			children = (
				69BD0A9F2A46ECD600DD7041 /* Base */,
			);
			name = GrayView.storyboard;
			sourceTree = "<group>";
		};
		69BD0AA12A46ED8200DD7041 /* GreenVIew.storyboard */ = {
			isa = PBXVariantGroup;
			children = (
				69BD0AA22A46ED8200DD7041 /* Base */,
			);
			name = GreenVIew.storyboard;
			sourceTree = "<group>";
		};
		69BD0AA42A46ED9F00DD7041 /* OrangeVIew.storyboard */ = {
			isa = PBXVariantGroup;
			children = (
				69BD0AA52A46ED9F00DD7041 /* Base */,
			);
			name = OrangeVIew.storyboard;
			sourceTree = "<group>";
		};
/* End PBXVariantGroup section */

/* Begin XCBuildConfiguration section */
		69BD0A932A46E86F00DD7041 /* Debug */ = {
			isa = XCBuildConfiguration;
			buildSettings = {
				ALWAYS_SEARCH_USER_PATHS = NO;
				CLANG_ANALYZER_NONNULL = YES;
				CLANG_ANALYZER_NUMBER_OBJECT_CONVERSION = YES_AGGRESSIVE;
				CLANG_CXX_LANGUAGE_STANDARD = "gnu++20";
				CLANG_ENABLE_MODULES = YES;
				CLANG_ENABLE_OBJC_ARC = YES;
				CLANG_ENABLE_OBJC_WEAK = YES;
				CLANG_WARN_BLOCK_CAPTURE_AUTORELEASING = YES;
				CLANG_WARN_BOOL_CONVERSION = YES;
				CLANG_WARN_COMMA = YES;
				CLANG_WARN_CONSTANT_CONVERSION = YES;
				CLANG_WARN_DEPRECATED_OBJC_IMPLEMENTATIONS = YES;
				CLANG_WARN_DIRECT_OBJC_ISA_USAGE = YES_ERROR;
				CLANG_WARN_DOCUMENTATION_COMMENTS = YES;
				CLANG_WARN_EMPTY_BODY = YES;
				CLANG_WARN_ENUM_CONVERSION = YES;
				CLANG_WARN_INFINITE_RECURSION = YES;
				CLANG_WARN_INT_CONVERSION = YES;
				CLANG_WARN_NON_LITERAL_NULL_CONVERSION = YES;
				CLANG_WARN_OBJC_IMPLICIT_RETAIN_SELF = YES;
				CLANG_WARN_OBJC_LITERAL_CONVERSION = YES;
				CLANG_WARN_OBJC_ROOT_CLASS = YES_ERROR;
				CLANG_WARN_QUOTED_INCLUDE_IN_FRAMEWORK_HEADER = YES;
				CLANG_WARN_RANGE_LOOP_ANALYSIS = YES;
				CLANG_WARN_STRICT_PROTOTYPES = YES;
				CLANG_WARN_SUSPICIOUS_MOVE = YES;
				CLANG_WARN_UNGUARDED_AVAILABILITY = YES_AGGRESSIVE;
				CLANG_WARN_UNREACHABLE_CODE = YES;
				CLANG_WARN__DUPLICATE_METHOD_MATCH = YES;
				COPY_PHASE_STRIP = NO;
				DEBUG_INFORMATION_FORMAT = dwarf;
				ENABLE_STRICT_OBJC_MSGSEND = YES;
				ENABLE_TESTABILITY = YES;
				GCC_C_LANGUAGE_STANDARD = gnu11;
				GCC_DYNAMIC_NO_PIC = NO;
				GCC_NO_COMMON_BLOCKS = YES;
				GCC_OPTIMIZATION_LEVEL = 0;
				GCC_PREPROCESSOR_DEFINITIONS = (
					"DEBUG=1",
					"$(inherited)",
				);
				GCC_WARN_64_TO_32_BIT_CONVERSION = YES;
				GCC_WARN_ABOUT_RETURN_TYPE = YES_ERROR;
				GCC_WARN_UNDECLARED_SELECTOR = YES;
				GCC_WARN_UNINITIALIZED_AUTOS = YES_AGGRESSIVE;
				GCC_WARN_UNUSED_FUNCTION = YES;
				GCC_WARN_UNUSED_VARIABLE = YES;
				IPHONEOS_DEPLOYMENT_TARGET = 16.4;
				MTL_ENABLE_DEBUG_INFO = INCLUDE_SOURCE;
				MTL_FAST_MATH = YES;
				ONLY_ACTIVE_ARCH = YES;
				SDKROOT = iphoneos;
				SWIFT_ACTIVE_COMPILATION_CONDITIONS = DEBUG;
				SWIFT_OPTIMIZATION_LEVEL = "-Onone";
			};
			name = Debug;
		};
		69BD0A942A46E86F00DD7041 /* Release */ = {
			isa = XCBuildConfiguration;
			buildSettings = {
				ALWAYS_SEARCH_USER_PATHS = NO;
				CLANG_ANALYZER_NONNULL = YES;
				CLANG_ANALYZER_NUMBER_OBJECT_CONVERSION = YES_AGGRESSIVE;
				CLANG_CXX_LANGUAGE_STANDARD = "gnu++20";
				CLANG_ENABLE_MODULES = YES;
				CLANG_ENABLE_OBJC_ARC = YES;
				CLANG_ENABLE_OBJC_WEAK = YES;
				CLANG_WARN_BLOCK_CAPTURE_AUTORELEASING = YES;
				CLANG_WARN_BOOL_CONVERSION = YES;
				CLANG_WARN_COMMA = YES;
				CLANG_WARN_CONSTANT_CONVERSION = YES;
				CLANG_WARN_DEPRECATED_OBJC_IMPLEMENTATIONS = YES;
				CLANG_WARN_DIRECT_OBJC_ISA_USAGE = YES_ERROR;
				CLANG_WARN_DOCUMENTATION_COMMENTS = YES;
				CLANG_WARN_EMPTY_BODY = YES;
				CLANG_WARN_ENUM_CONVERSION = YES;
				CLANG_WARN_INFINITE_RECURSION = YES;
				CLANG_WARN_INT_CONVERSION = YES;
				CLANG_WARN_NON_LITERAL_NULL_CONVERSION = YES;
				CLANG_WARN_OBJC_IMPLICIT_RETAIN_SELF = YES;
				CLANG_WARN_OBJC_LITERAL_CONVERSION = YES;
				CLANG_WARN_OBJC_ROOT_CLASS = YES_ERROR;
				CLANG_WARN_QUOTED_INCLUDE_IN_FRAMEWORK_HEADER = YES;
				CLANG_WARN_RANGE_LOOP_ANALYSIS = YES;
				CLANG_WARN_STRICT_PROTOTYPES = YES;
				CLANG_WARN_SUSPICIOUS_MOVE = YES;
				CLANG_WARN_UNGUARDED_AVAILABILITY = YES_AGGRESSIVE;
				CLANG_WARN_UNREACHABLE_CODE = YES;
				CLANG_WARN__DUPLICATE_METHOD_MATCH = YES;
				COPY_PHASE_STRIP = NO;
				DEBUG_INFORMATION_FORMAT = "dwarf-with-dsym";
				ENABLE_NS_ASSERTIONS = NO;
				ENABLE_STRICT_OBJC_MSGSEND = YES;
				GCC_C_LANGUAGE_STANDARD = gnu11;
				GCC_NO_COMMON_BLOCKS = YES;
				GCC_WARN_64_TO_32_BIT_CONVERSION = YES;
				GCC_WARN_ABOUT_RETURN_TYPE = YES_ERROR;
				GCC_WARN_UNDECLARED_SELECTOR = YES;
				GCC_WARN_UNINITIALIZED_AUTOS = YES_AGGRESSIVE;
				GCC_WARN_UNUSED_FUNCTION = YES;
				GCC_WARN_UNUSED_VARIABLE = YES;
				IPHONEOS_DEPLOYMENT_TARGET = 16.4;
				MTL_ENABLE_DEBUG_INFO = NO;
				MTL_FAST_MATH = YES;
				SDKROOT = iphoneos;
				SWIFT_COMPILATION_MODE = wholemodule;
				SWIFT_OPTIMIZATION_LEVEL = "-O";
				VALIDATE_PRODUCT = YES;
			};
			name = Release;
		};
		69BD0A962A46E86F00DD7041 /* Debug */ = {
			isa = XCBuildConfiguration;
			buildSettings = {
				ASSETCATALOG_COMPILER_APPICON_NAME = AppIcon;
				ASSETCATALOG_COMPILER_GLOBAL_ACCENT_COLOR_NAME = AccentColor;
				CODE_SIGN_STYLE = Automatic;
				CURRENT_PROJECT_VERSION = 1;
				DEVELOPMENT_TEAM = 6NMWZ48XL4;
				GENERATE_INFOPLIST_FILE = YES;
				INFOPLIST_FILE = StoryboardReferenceTest/Info.plist;
				INFOPLIST_KEY_UIApplicationSupportsIndirectInputEvents = YES;
				INFOPLIST_KEY_UILaunchStoryboardName = LaunchScreen;
				INFOPLIST_KEY_UIMainStoryboardFile = Main;
				INFOPLIST_KEY_UISupportedInterfaceOrientations_iPad = "UIInterfaceOrientationPortrait UIInterfaceOrientationPortraitUpsideDown UIInterfaceOrientationLandscapeLeft UIInterfaceOrientationLandscapeRight";
				INFOPLIST_KEY_UISupportedInterfaceOrientations_iPhone = "UIInterfaceOrientationPortrait UIInterfaceOrientationLandscapeLeft UIInterfaceOrientationLandscapeRight";
				LD_RUNPATH_SEARCH_PATHS = (
					"$(inherited)",
					"@executable_path/Frameworks",
				);
				MARKETING_VERSION = 1.0;
				PRODUCT_BUNDLE_IDENTIFIER = com.sako.StoryboardReferenceTest;
				PRODUCT_NAME = "$(TARGET_NAME)";
				SWIFT_EMIT_LOC_STRINGS = YES;
				SWIFT_VERSION = 5.0;
				TARGETED_DEVICE_FAMILY = "1,2";
			};
			name = Debug;
		};
		69BD0A972A46E86F00DD7041 /* Release */ = {
			isa = XCBuildConfiguration;
			buildSettings = {
				ASSETCATALOG_COMPILER_APPICON_NAME = AppIcon;
				ASSETCATALOG_COMPILER_GLOBAL_ACCENT_COLOR_NAME = AccentColor;
				CODE_SIGN_STYLE = Automatic;
				CURRENT_PROJECT_VERSION = 1;
				DEVELOPMENT_TEAM = 6NMWZ48XL4;
				GENERATE_INFOPLIST_FILE = YES;
				INFOPLIST_FILE = StoryboardReferenceTest/Info.plist;
				INFOPLIST_KEY_UIApplicationSupportsIndirectInputEvents = YES;
				INFOPLIST_KEY_UILaunchStoryboardName = LaunchScreen;
				INFOPLIST_KEY_UIMainStoryboardFile = Main;
				INFOPLIST_KEY_UISupportedInterfaceOrientations_iPad = "UIInterfaceOrientationPortrait UIInterfaceOrientationPortraitUpsideDown UIInterfaceOrientationLandscapeLeft UIInterfaceOrientationLandscapeRight";
				INFOPLIST_KEY_UISupportedInterfaceOrientations_iPhone = "UIInterfaceOrientationPortrait UIInterfaceOrientationLandscapeLeft UIInterfaceOrientationLandscapeRight";
				LD_RUNPATH_SEARCH_PATHS = (
					"$(inherited)",
					"@executable_path/Frameworks",
				);
				MARKETING_VERSION = 1.0;
				PRODUCT_BUNDLE_IDENTIFIER = com.sako.StoryboardReferenceTest;
				PRODUCT_NAME = "$(TARGET_NAME)";
				SWIFT_EMIT_LOC_STRINGS = YES;
				SWIFT_VERSION = 5.0;
				TARGETED_DEVICE_FAMILY = "1,2";
			};
			name = Release;
		};
		69BD0A992A46E86F00DD7041 /* Debug */ = {
			isa = XCBuildConfiguration;
			buildSettings = {
				ALWAYS_EMBED_SWIFT_STANDARD_LIBRARIES = YES;
				BUNDLE_LOADER = "$(TEST_HOST)";
				CODE_SIGN_STYLE = Automatic;
				CURRENT_PROJECT_VERSION = 1;
				DEVELOPMENT_TEAM = 6NMWZ48XL4;
				GENERATE_INFOPLIST_FILE = YES;
				IPHONEOS_DEPLOYMENT_TARGET = 16.4;
				MARKETING_VERSION = 1.0;
				PRODUCT_BUNDLE_IDENTIFIER = com.sako.StoryboardReferenceTestTests;
				PRODUCT_NAME = "$(TARGET_NAME)";
				SWIFT_EMIT_LOC_STRINGS = NO;
				SWIFT_VERSION = 5.0;
				TARGETED_DEVICE_FAMILY = "1,2";
				TEST_HOST = "$(BUILT_PRODUCTS_DIR)/StoryboardReferenceTest.app/$(BUNDLE_EXECUTABLE_FOLDER_PATH)/StoryboardReferenceTest";
			};
			name = Debug;
		};
		69BD0A9A2A46E86F00DD7041 /* Release */ = {
			isa = XCBuildConfiguration;
			buildSettings = {
				ALWAYS_EMBED_SWIFT_STANDARD_LIBRARIES = YES;
				BUNDLE_LOADER = "$(TEST_HOST)";
				CODE_SIGN_STYLE = Automatic;
				CURRENT_PROJECT_VERSION = 1;
				DEVELOPMENT_TEAM = 6NMWZ48XL4;
				GENERATE_INFOPLIST_FILE = YES;
				IPHONEOS_DEPLOYMENT_TARGET = 16.4;
				MARKETING_VERSION = 1.0;
				PRODUCT_BUNDLE_IDENTIFIER = com.sako.StoryboardReferenceTestTests;
				PRODUCT_NAME = "$(TARGET_NAME)";
				SWIFT_EMIT_LOC_STRINGS = NO;
				SWIFT_VERSION = 5.0;
				TARGETED_DEVICE_FAMILY = "1,2";
				TEST_HOST = "$(BUILT_PRODUCTS_DIR)/StoryboardReferenceTest.app/$(BUNDLE_EXECUTABLE_FOLDER_PATH)/StoryboardReferenceTest";
			};
			name = Release;
		};
		69BD0A9C2A46E86F00DD7041 /* Debug */ = {
			isa = XCBuildConfiguration;
			buildSettings = {
				ALWAYS_EMBED_SWIFT_STANDARD_LIBRARIES = YES;
				CODE_SIGN_STYLE = Automatic;
				CURRENT_PROJECT_VERSION = 1;
				DEVELOPMENT_TEAM = 6NMWZ48XL4;
				GENERATE_INFOPLIST_FILE = YES;
				MARKETING_VERSION = 1.0;
				PRODUCT_BUNDLE_IDENTIFIER = com.sako.StoryboardReferenceTestUITests;
				PRODUCT_NAME = "$(TARGET_NAME)";
				SWIFT_EMIT_LOC_STRINGS = NO;
				SWIFT_VERSION = 5.0;
				TARGETED_DEVICE_FAMILY = "1,2";
				TEST_TARGET_NAME = StoryboardReferenceTest;
			};
			name = Debug;
		};
		69BD0A9D2A46E86F00DD7041 /* Release */ = {
			isa = XCBuildConfiguration;
			buildSettings = {
				ALWAYS_EMBED_SWIFT_STANDARD_LIBRARIES = YES;
				CODE_SIGN_STYLE = Automatic;
				CURRENT_PROJECT_VERSION = 1;
				DEVELOPMENT_TEAM = 6NMWZ48XL4;
				GENERATE_INFOPLIST_FILE = YES;
				MARKETING_VERSION = 1.0;
				PRODUCT_BUNDLE_IDENTIFIER = com.sako.StoryboardReferenceTestUITests;
				PRODUCT_NAME = "$(TARGET_NAME)";
				SWIFT_EMIT_LOC_STRINGS = NO;
				SWIFT_VERSION = 5.0;
				TARGETED_DEVICE_FAMILY = "1,2";
				TEST_TARGET_NAME = StoryboardReferenceTest;
			};
			name = Release;
		};
/* End XCBuildConfiguration section */

/* Begin XCConfigurationList section */
		69BD0A662A46E86D00DD7041 /* Build configuration list for PBXProject "StoryboardReferenceTest" */ = {
			isa = XCConfigurationList;
			buildConfigurations = (
				69BD0A932A46E86F00DD7041 /* Debug */,
				69BD0A942A46E86F00DD7041 /* Release */,
			);
			defaultConfigurationIsVisible = 0;
			defaultConfigurationName = Release;
		};
		69BD0A952A46E86F00DD7041 /* Build configuration list for PBXNativeTarget "StoryboardReferenceTest" */ = {
			isa = XCConfigurationList;
			buildConfigurations = (
				69BD0A962A46E86F00DD7041 /* Debug */,
				69BD0A972A46E86F00DD7041 /* Release */,
			);
			defaultConfigurationIsVisible = 0;
			defaultConfigurationName = Release;
		};
		69BD0A982A46E86F00DD7041 /* Build configuration list for PBXNativeTarget "StoryboardReferenceTestTests" */ = {
			isa = XCConfigurationList;
			buildConfigurations = (
				69BD0A992A46E86F00DD7041 /* Debug */,
				69BD0A9A2A46E86F00DD7041 /* Release */,
			);
			defaultConfigurationIsVisible = 0;
			defaultConfigurationName = Release;
		};
		69BD0A9B2A46E86F00DD7041 /* Build configuration list for PBXNativeTarget "StoryboardReferenceTestUITests" */ = {
			isa = XCConfigurationList;
			buildConfigurations = (
				69BD0A9C2A46E86F00DD7041 /* Debug */,
				69BD0A9D2A46E86F00DD7041 /* Release */,
			);
			defaultConfigurationIsVisible = 0;
			defaultConfigurationName = Release;
		};
/* End XCConfigurationList section */
	};
	rootObject = 69BD0A632A46E86D00DD7041 /* Project object */;
}
